
Microsoft Visual Studio Solution File, Format Version 12.00
# Visual Studio 15
VisualStudioVersion = 15.0.28307.102
MinimumVisualStudioVersion = 10.0.40219.1
Project("{8BC9CEB8-8B4A-11D0-8D11-00A0C91BC942}") = "s3ntineL-irc", "s3ntineL-irc\s3ntineL-irc.vcxproj", "{2F8D686D-5636-4EDF-84E0-2908B46351DC}"
EndProject
Global
	GlobalSection(SolutionConfigurationPlatforms) = preSolution
		Debug|x64 = Debug|x64
		Debug|x86 = Debug|x86
		Release|x64 = Release|x64
		Release|x86 = Release|x86
	EndGlobalSection
	GlobalSection(ProjectConfigurationPlatforms) = postSolution
		{2F8D686D-5636-4EDF-84E0-2908B46351DC}.Debug|x64.ActiveCfg = Debug|x64
		{2F8D686D-5636-4EDF-84E0-2908B46351DC}.Debug|x64.Build.0 = Debug|x64
		{2F8D686D-5636-4EDF-84E0-2908B46351DC}.Debug|x86.ActiveCfg = Debug|Win32
		{2F8D686D-5636-4EDF-84E0-2908B46351DC}.Debug|x86.Build.0 = Debug|Win32
		{2F8D686D-5636-4EDF-84E0-2908B46351DC}.Release|x64.ActiveCfg = Release|x64
		{2F8D686D-5636-4EDF-84E0-2908B46351DC}.Release|x64.Build.0 = Release|x64
		{2F8D686D-5636-4EDF-84E0-2908B46351DC}.Release|x86.ActiveCfg = Release|Win32
		{2F8D686D-5636-4EDF-84E0-2908B46351DC}.Release|x86.Build.0 = Release|Win32
	EndGlobalSection
	GlobalSection(SolutionProperties) = preSolution
		HideSolutionNode = FALSE
	EndGlobalSection
	GlobalSection(ExtensibilityGlobals) = postSolution
		SolutionGuid = {8C0BDD0B-B3F2-410F-A580-E8EFED890D60}
	EndGlobalSection
EndGlobal
